// !$*UTF8*$!
{
	archiveVersion = 1;
	classes = {
	};
	objectVersion = 56;
	objects = {

/* Begin PBXBuildFile section */
		570201FE2B1A8A8600C24E86 /* SwiftUI_BenchApp.swift in Sources */ = {isa = PBXBuildFile; fileRef = 570201FD2B1A8A8600C24E86 /* SwiftUI_BenchApp.swift */; };
		570202002B1A8A8600C24E86 /* ContentView.swift in Sources */ = {isa = PBXBuildFile; fileRef = 570201FF2B1A8A8600C24E86 /* ContentView.swift */; };
		570202022B1A8A8700C24E86 /* Assets.xcassets in Resources */ = {isa = PBXBuildFile; fileRef = 570202012B1A8A8700C24E86 /* Assets.xcassets */; };
		570202052B1A8A8700C24E86 /* Preview Assets.xcassets in Resources */ = {isa = PBXBuildFile; fileRef = 570202042B1A8A8700C24E86 /* Preview Assets.xcassets */; };
		5702020F2B1A8A8700C24E86 /* SwiftUI_BenchTests.swift in Sources */ = {isa = PBXBuildFile; fileRef = 5702020E2B1A8A8700C24E86 /* SwiftUI_BenchTests.swift */; };
		570202192B1A8A8700C24E86 /* SwiftUI_BenchUITests.swift in Sources */ = {isa = PBXBuildFile; fileRef = 570202182B1A8A8700C24E86 /* SwiftUI_BenchUITests.swift */; };
		5702021B2B1A8A8700C24E86 /* SwiftUI_BenchUITestsLaunchTests.swift in Sources */ = {isa = PBXBuildFile; fileRef = 5702021A2B1A8A8700C24E86 /* SwiftUI_BenchUITestsLaunchTests.swift */; };
/* End PBXBuildFile section */

/* Begin PBXContainerItemProxy section */
		5702020B2B1A8A8700C24E86 /* PBXContainerItemProxy */ = {
			isa = PBXContainerItemProxy;
			containerPortal = 570201F22B1A8A8600C24E86 /* Project object */;
			proxyType = 1;
			remoteGlobalIDString = 570201F92B1A8A8600C24E86;
			remoteInfo = SwiftUI_Bench;
		};
		570202152B1A8A8700C24E86 /* PBXContainerItemProxy */ = {
			isa = PBXContainerItemProxy;
			containerPortal = 570201F22B1A8A8600C24E86 /* Project object */;
			proxyType = 1;
			remoteGlobalIDString = 570201F92B1A8A8600C24E86;
			remoteInfo = SwiftUI_Bench;
		};
/* End PBXContainerItemProxy section */

/* Begin PBXFileReference section */
		570201FA2B1A8A8600C24E86 /* SwiftUI_Bench.app */ = {isa = PBXFileReference; explicitFileType = wrapper.application; includeInIndex = 0; path = SwiftUI_Bench.app; sourceTree = BUILT_PRODUCTS_DIR; };
		570201FD2B1A8A8600C24E86 /* SwiftUI_BenchApp.swift */ = {isa = PBXFileReference; lastKnownFileType = sourcecode.swift; path = SwiftUI_BenchApp.swift; sourceTree = "<group>"; };
		570201FF2B1A8A8600C24E86 /* ContentView.swift */ = {isa = PBXFileReference; lastKnownFileType = sourcecode.swift; path = ContentView.swift; sourceTree = "<group>"; };
		570202012B1A8A8700C24E86 /* Assets.xcassets */ = {isa = PBXFileReference; lastKnownFileType = folder.assetcatalog; path = Assets.xcassets; sourceTree = "<group>"; };
		570202042B1A8A8700C24E86 /* Preview Assets.xcassets */ = {isa = PBXFileReference; lastKnownFileType = folder.assetcatalog; path = "Preview Assets.xcassets"; sourceTree = "<group>"; };
		5702020A2B1A8A8700C24E86 /* SwiftUI_BenchTests.xctest */ = {isa = PBXFileReference; explicitFileType = wrapper.cfbundle; includeInIndex = 0; path = SwiftUI_BenchTests.xctest; sourceTree = BUILT_PRODUCTS_DIR; };
		5702020E2B1A8A8700C24E86 /* SwiftUI_BenchTests.swift */ = {isa = PBXFileReference; lastKnownFileType = sourcecode.swift; path = SwiftUI_BenchTests.swift; sourceTree = "<group>"; };
		570202142B1A8A8700C24E86 /* SwiftUI_BenchUITests.xctest */ = {isa = PBXFileReference; explicitFileType = wrapper.cfbundle; includeInIndex = 0; path = SwiftUI_BenchUITests.xctest; sourceTree = BUILT_PRODUCTS_DIR; };
		570202182B1A8A8700C24E86 /* SwiftUI_BenchUITests.swift */ = {isa = PBXFileReference; lastKnownFileType = sourcecode.swift; path = SwiftUI_BenchUITests.swift; sourceTree = "<group>"; };
		5702021A2B1A8A8700C24E86 /* SwiftUI_BenchUITestsLaunchTests.swift */ = {isa = PBXFileReference; lastKnownFileType = sourcecode.swift; path = SwiftUI_BenchUITestsLaunchTests.swift; sourceTree = "<group>"; };
/* End PBXFileReference section */

/* Begin PBXFrameworksBuildPhase section */
		570201F72B1A8A8600C24E86 /* Frameworks */ = {
			isa = PBXFrameworksBuildPhase;
			buildActionMask = 2147483647;
			files = (
			);
			runOnlyForDeploymentPostprocessing = 0;
		};
		570202072B1A8A8700C24E86 /* Frameworks */ = {
			isa = PBXFrameworksBuildPhase;
			buildActionMask = 2147483647;
			files = (
			);
			runOnlyForDeploymentPostprocessing = 0;
		};
		570202112B1A8A8700C24E86 /* Frameworks */ = {
			isa = PBXFrameworksBuildPhase;
			buildActionMask = 2147483647;
			files = (
			);
			runOnlyForDeploymentPostprocessing = 0;
		};
/* End PBXFrameworksBuildPhase section */

/* Begin PBXGroup section */
		570201F12B1A8A8600C24E86 = {
			isa = PBXGroup;
			children = (
				570201FC2B1A8A8600C24E86 /* SwiftUI_Bench */,
				5702020D2B1A8A8700C24E86 /* SwiftUI_BenchTests */,
				570202172B1A8A8700C24E86 /* SwiftUI_BenchUITests */,
				570201FB2B1A8A8600C24E86 /* Products */,
			);
			sourceTree = "<group>";
		};
		570201FB2B1A8A8600C24E86 /* Products */ = {
			isa = PBXGroup;
			children = (
				570201FA2B1A8A8600C24E86 /* SwiftUI_Bench.app */,
				5702020A2B1A8A8700C24E86 /* SwiftUI_BenchTests.xctest */,
				570202142B1A8A8700C24E86 /* SwiftUI_BenchUITests.xctest */,
			);
			name = Products;
			sourceTree = "<group>";
		};
		570201FC2B1A8A8600C24E86 /* SwiftUI_Bench */ = {
			isa = PBXGroup;
			children = (
				570201FD2B1A8A8600C24E86 /* SwiftUI_BenchApp.swift */,
				570201FF2B1A8A8600C24E86 /* ContentView.swift */,
				570202012B1A8A8700C24E86 /* Assets.xcassets */,
				570202032B1A8A8700C24E86 /* Preview Content */,
			);
			path = SwiftUI_Bench;
			sourceTree = "<group>";
		};
		570202032B1A8A8700C24E86 /* Preview Content */ = {
			isa = PBXGroup;
			children = (
				570202042B1A8A8700C24E86 /* Preview Assets.xcassets */,
			);
			path = "Preview Content";
			sourceTree = "<group>";
		};
		5702020D2B1A8A8700C24E86 /* SwiftUI_BenchTests */ = {
			isa = PBXGroup;
			children = (
				5702020E2B1A8A8700C24E86 /* SwiftUI_BenchTests.swift */,
			);
			path = SwiftUI_BenchTests;
			sourceTree = "<group>";
		};
		570202172B1A8A8700C24E86 /* SwiftUI_BenchUITests */ = {
			isa = PBXGroup;
			children = (
				570202182B1A8A8700C24E86 /* SwiftUI_BenchUITests.swift */,
				5702021A2B1A8A8700C24E86 /* SwiftUI_BenchUITestsLaunchTests.swift */,
			);
			path = SwiftUI_BenchUITests;
			sourceTree = "<group>";
		};
/* End PBXGroup section */

/* Begin PBXNativeTarget section */
		570201F92B1A8A8600C24E86 /* SwiftUI_Bench */ = {
			isa = PBXNativeTarget;
			buildConfigurationList = 5702021E2B1A8A8700C24E86 /* Build configuration list for PBXNativeTarget "SwiftUI_Bench" */;
			buildPhases = (
				570201F62B1A8A8600C24E86 /* Sources */,
				570201F72B1A8A8600C24E86 /* Frameworks */,
				570201F82B1A8A8600C24E86 /* Resources */,
			);
			buildRules = (
			);
			dependencies = (
			);
			name = SwiftUI_Bench;
			productName = SwiftUI_Bench;
			productReference = 570201FA2B1A8A8600C24E86 /* SwiftUI_Bench.app */;
			productType = "com.apple.product-type.application";
		};
		570202092B1A8A8700C24E86 /* SwiftUI_BenchTests */ = {
			isa = PBXNativeTarget;
			buildConfigurationList = 570202212B1A8A8700C24E86 /* Build configuration list for PBXNativeTarget "SwiftUI_BenchTests" */;
			buildPhases = (
				570202062B1A8A8700C24E86 /* Sources */,
				570202072B1A8A8700C24E86 /* Frameworks */,
				570202082B1A8A8700C24E86 /* Resources */,
			);
			buildRules = (
			);
			dependencies = (
				5702020C2B1A8A8700C24E86 /* PBXTargetDependency */,
			);
			name = SwiftUI_BenchTests;
			productName = SwiftUI_BenchTests;
			productReference = 5702020A2B1A8A8700C24E86 /* SwiftUI_BenchTests.xctest */;
			productType = "com.apple.product-type.bundle.unit-test";
		};
		570202132B1A8A8700C24E86 /* SwiftUI_BenchUITests */ = {
			isa = PBXNativeTarget;
			buildConfigurationList = 570202242B1A8A8700C24E86 /* Build configuration list for PBXNativeTarget "SwiftUI_BenchUITests" */;
			buildPhases = (
				570202102B1A8A8700C24E86 /* Sources */,
				570202112B1A8A8700C24E86 /* Frameworks */,
				570202122B1A8A8700C24E86 /* Resources */,
			);
			buildRules = (
			);
			dependencies = (
				570202162B1A8A8700C24E86 /* PBXTargetDependency */,
			);
			name = SwiftUI_BenchUITests;
			productName = SwiftUI_BenchUITests;
			productReference = 570202142B1A8A8700C24E86 /* SwiftUI_BenchUITests.xctest */;
			productType = "com.apple.product-type.bundle.ui-testing";
		};
/* End PBXNativeTarget section */

/* Begin PBXProject section */
		570201F22B1A8A8600C24E86 /* Project object */ = {
			isa = PBXProject;
			attributes = {
				BuildIndependentTargetsInParallel = 1;
				LastSwiftUpdateCheck = 1500;
				LastUpgradeCheck = 1500;
				TargetAttributes = {
					570201F92B1A8A8600C24E86 = {
						CreatedOnToolsVersion = 15.0.1;
					};
					570202092B1A8A8700C24E86 = {
						CreatedOnToolsVersion = 15.0.1;
						TestTargetID = 570201F92B1A8A8600C24E86;
					};
					570202132B1A8A8700C24E86 = {
						CreatedOnToolsVersion = 15.0.1;
						TestTargetID = 570201F92B1A8A8600C24E86;
					};
				};
			};
			buildConfigurationList = 570201F52B1A8A8600C24E86 /* Build configuration list for PBXProject "SwiftUI_Bench" */;
			compatibilityVersion = "Xcode 14.0";
			developmentRegion = en;
			hasScannedForEncodings = 0;
			knownRegions = (
				en,
				Base,
			);
			mainGroup = 570201F12B1A8A8600C24E86;
			productRefGroup = 570201FB2B1A8A8600C24E86 /* Products */;
			projectDirPath = "";
			projectRoot = "";
			targets = (
				570201F92B1A8A8600C24E86 /* SwiftUI_Bench */,
				570202092B1A8A8700C24E86 /* SwiftUI_BenchTests */,
				570202132B1A8A8700C24E86 /* SwiftUI_BenchUITests */,
			);
		};
/* End PBXProject section */

/* Begin PBXResourcesBuildPhase section */
		570201F82B1A8A8600C24E86 /* Resources */ = {
			isa = PBXResourcesBuildPhase;
			buildActionMask = 2147483647;
			files = (
				570202052B1A8A8700C24E86 /* Preview Assets.xcassets in Resources */,
				570202022B1A8A8700C24E86 /* Assets.xcassets in Resources */,
			);
			runOnlyForDeploymentPostprocessing = 0;
		};
		570202082B1A8A8700C24E86 /* Resources */ = {
			isa = PBXResourcesBuildPhase;
			buildActionMask = 2147483647;
			files = (
			);
			runOnlyForDeploymentPostprocessing = 0;
		};
		570202122B1A8A8700C24E86 /* Resources */ = {
			isa = PBXResourcesBuildPhase;
			buildActionMask = 2147483647;
			files = (
			);
			runOnlyForDeploymentPostprocessing = 0;
		};
/* End PBXResourcesBuildPhase section */

/* Begin PBXSourcesBuildPhase section */
		570201F62B1A8A8600C24E86 /* Sources */ = {
			isa = PBXSourcesBuildPhase;
			buildActionMask = 2147483647;
			files = (
				570202002B1A8A8600C24E86 /* ContentView.swift in Sources */,
				570201FE2B1A8A8600C24E86 /* SwiftUI_BenchApp.swift in Sources */,
			);
			runOnlyForDeploymentPostprocessing = 0;
		};
		570202062B1A8A8700C24E86 /* Sources */ = {
			isa = PBXSourcesBuildPhase;
			buildActionMask = 2147483647;
			files = (
				5702020F2B1A8A8700C24E86 /* SwiftUI_BenchTests.swift in Sources */,
			);
			runOnlyForDeploymentPostprocessing = 0;
		};
		570202102B1A8A8700C24E86 /* Sources */ = {
			isa = PBXSourcesBuildPhase;
			buildActionMask = 2147483647;
			files = (
				570202192B1A8A8700C24E86 /* SwiftUI_BenchUITests.swift in Sources */,
				5702021B2B1A8A8700C24E86 /* SwiftUI_BenchUITestsLaunchTests.swift in Sources */,
			);
			runOnlyForDeploymentPostprocessing = 0;
		};
/* End PBXSourcesBuildPhase section */

/* Begin PBXTargetDependency section */
		5702020C2B1A8A8700C24E86 /* PBXTargetDependency */ = {
			isa = PBXTargetDependency;
			target = 570201F92B1A8A8600C24E86 /* SwiftUI_Bench */;
			targetProxy = 5702020B2B1A8A8700C24E86 /* PBXContainerItemProxy */;
		};
		570202162B1A8A8700C24E86 /* PBXTargetDependency */ = {
			isa = PBXTargetDependency;
			target = 570201F92B1A8A8600C24E86 /* SwiftUI_Bench */;
			targetProxy = 570202152B1A8A8700C24E86 /* PBXContainerItemProxy */;
		};
/* End PBXTargetDependency section */

/* Begin XCBuildConfiguration section */
		5702021C2B1A8A8700C24E86 /* Debug */ = {
			isa = XCBuildConfiguration;
			buildSettings = {
				ALWAYS_SEARCH_USER_PATHS = NO;
				ASSETCATALOG_COMPILER_GENERATE_SWIFT_ASSET_SYMBOL_EXTENSIONS = YES;
				CLANG_ANALYZER_NONNULL = YES;
				CLANG_ANALYZER_NUMBER_OBJECT_CONVERSION = YES_AGGRESSIVE;
				CLANG_CXX_LANGUAGE_STANDARD = "gnu++20";
				CLANG_ENABLE_MODULES = YES;
				CLANG_ENABLE_OBJC_ARC = YES;
				CLANG_ENABLE_OBJC_WEAK = YES;
				CLANG_WARN_BLOCK_CAPTURE_AUTORELEASING = YES;
				CLANG_WARN_BOOL_CONVERSION = YES;
				CLANG_WARN_COMMA = YES;
				CLANG_WARN_CONSTANT_CONVERSION = YES;
				CLANG_WARN_DEPRECATED_OBJC_IMPLEMENTATIONS = YES;
				CLANG_WARN_DIRECT_OBJC_ISA_USAGE = YES_ERROR;
				CLANG_WARN_DOCUMENTATION_COMMENTS = YES;
				CLANG_WARN_EMPTY_BODY = YES;
				CLANG_WARN_ENUM_CONVERSION = YES;
				CLANG_WARN_INFINITE_RECURSION = YES;
				CLANG_WARN_INT_CONVERSION = YES;
				CLANG_WARN_NON_LITERAL_NULL_CONVERSION = YES;
				CLANG_WARN_OBJC_IMPLICIT_RETAIN_SELF = YES;
				CLANG_WARN_OBJC_LITERAL_CONVERSION = YES;
				CLANG_WARN_OBJC_ROOT_CLASS = YES_ERROR;
				CLANG_WARN_QUOTED_INCLUDE_IN_FRAMEWORK_HEADER = YES;
				CLANG_WARN_RANGE_LOOP_ANALYSIS = YES;
				CLANG_WARN_STRICT_PROTOTYPES = YES;
				CLANG_WARN_SUSPICIOUS_MOVE = YES;
				CLANG_WARN_UNGUARDED_AVAILABILITY = YES_AGGRESSIVE;
				CLANG_WARN_UNREACHABLE_CODE = YES;
				CLANG_WARN__DUPLICATE_METHOD_MATCH = YES;
				COPY_PHASE_STRIP = NO;
				DEBUG_INFORMATION_FORMAT = dwarf;
				ENABLE_STRICT_OBJC_MSGSEND = YES;
				ENABLE_TESTABILITY = YES;
				ENABLE_USER_SCRIPT_SANDBOXING = YES;
				GCC_C_LANGUAGE_STANDARD = gnu17;
				GCC_DYNAMIC_NO_PIC = NO;
				GCC_NO_COMMON_BLOCKS = YES;
				GCC_OPTIMIZATION_LEVEL = 0;
				GCC_PREPROCESSOR_DEFINITIONS = (
					"DEBUG=1",
					"$(inherited)",
				);
				GCC_WARN_64_TO_32_BIT_CONVERSION = YES;
				GCC_WARN_ABOUT_RETURN_TYPE = YES_ERROR;
				GCC_WARN_UNDECLARED_SELECTOR = YES;
				GCC_WARN_UNINITIALIZED_AUTOS = YES_AGGRESSIVE;
				GCC_WARN_UNUSED_FUNCTION = YES;
				GCC_WARN_UNUSED_VARIABLE = YES;
				IPHONEOS_DEPLOYMENT_TARGET = 17.0;
				LOCALIZATION_PREFERS_STRING_CATALOGS = YES;
				MTL_ENABLE_DEBUG_INFO = INCLUDE_SOURCE;
				MTL_FAST_MATH = YES;
				ONLY_ACTIVE_ARCH = YES;
				SDKROOT = iphoneos;
				SWIFT_ACTIVE_COMPILATION_CONDITIONS = "DEBUG $(inherited)";
				SWIFT_OPTIMIZATION_LEVEL = "-Onone";
			};
			name = Debug;
		};
		5702021D2B1A8A8700C24E86 /* Release */ = {
			isa = XCBuildConfiguration;
			buildSettings = {
				ALWAYS_SEARCH_USER_PATHS = NO;
				ASSETCATALOG_COMPILER_GENERATE_SWIFT_ASSET_SYMBOL_EXTENSIONS = YES;
				CLANG_ANALYZER_NONNULL = YES;
				CLANG_ANALYZER_NUMBER_OBJECT_CONVERSION = YES_AGGRESSIVE;
				CLANG_CXX_LANGUAGE_STANDARD = "gnu++20";
				CLANG_ENABLE_MODULES = YES;
				CLANG_ENABLE_OBJC_ARC = YES;
				CLANG_ENABLE_OBJC_WEAK = YES;
				CLANG_WARN_BLOCK_CAPTURE_AUTORELEASING = YES;
				CLANG_WARN_BOOL_CONVERSION = YES;
				CLANG_WARN_COMMA = YES;
				CLANG_WARN_CONSTANT_CONVERSION = YES;
				CLANG_WARN_DEPRECATED_OBJC_IMPLEMENTATIONS = YES;
				CLANG_WARN_DIRECT_OBJC_ISA_USAGE = YES_ERROR;
				CLANG_WARN_DOCUMENTATION_COMMENTS = YES;
				CLANG_WARN_EMPTY_BODY = YES;
				CLANG_WARN_ENUM_CONVERSION = YES;
				CLANG_WARN_INFINITE_RECURSION = YES;
				CLANG_WARN_INT_CONVERSION = YES;
				CLANG_WARN_NON_LITERAL_NULL_CONVERSION = YES;
				CLANG_WARN_OBJC_IMPLICIT_RETAIN_SELF = YES;
				CLANG_WARN_OBJC_LITERAL_CONVERSION = YES;
				CLANG_WARN_OBJC_ROOT_CLASS = YES_ERROR;
				CLANG_WARN_QUOTED_INCLUDE_IN_FRAMEWORK_HEADER = YES;
				CLANG_WARN_RANGE_LOOP_ANALYSIS = YES;
				CLANG_WARN_STRICT_PROTOTYPES = YES;
				CLANG_WARN_SUSPICIOUS_MOVE = YES;
				CLANG_WARN_UNGUARDED_AVAILABILITY = YES_AGGRESSIVE;
				CLANG_WARN_UNREACHABLE_CODE = YES;
				CLANG_WARN__DUPLICATE_METHOD_MATCH = YES;
				COPY_PHASE_STRIP = NO;
				DEBUG_INFORMATION_FORMAT = "dwarf-with-dsym";
				ENABLE_NS_ASSERTIONS = NO;
				ENABLE_STRICT_OBJC_MSGSEND = YES;
				ENABLE_USER_SCRIPT_SANDBOXING = YES;
				GCC_C_LANGUAGE_STANDARD = gnu17;
				GCC_NO_COMMON_BLOCKS = YES;
				GCC_WARN_64_TO_32_BIT_CONVERSION = YES;
				GCC_WARN_ABOUT_RETURN_TYPE = YES_ERROR;
				GCC_WARN_UNDECLARED_SELECTOR = YES;
				GCC_WARN_UNINITIALIZED_AUTOS = YES_AGGRESSIVE;
				GCC_WARN_UNUSED_FUNCTION = YES;
				GCC_WARN_UNUSED_VARIABLE = YES;
				IPHONEOS_DEPLOYMENT_TARGET = 17.0;
				LOCALIZATION_PREFERS_STRING_CATALOGS = YES;
				MTL_ENABLE_DEBUG_INFO = NO;
				MTL_FAST_MATH = YES;
				SDKROOT = iphoneos;
				SWIFT_COMPILATION_MODE = wholemodule;
				VALIDATE_PRODUCT = YES;
			};
			name = Release;
		};
		5702021F2B1A8A8700C24E86 /* Debug */ = {
			isa = XCBuildConfiguration;
			buildSettings = {
				ASSETCATALOG_COMPILER_APPICON_NAME = AppIcon;
				ASSETCATALOG_COMPILER_GLOBAL_ACCENT_COLOR_NAME = AccentColor;
				CODE_SIGN_STYLE = Automatic;
				CURRENT_PROJECT_VERSION = 1;
				DEVELOPMENT_ASSET_PATHS = "\"SwiftUI_Bench/Preview Content\"";
				DEVELOPMENT_TEAM = BA78358WH9;
				ENABLE_PREVIEWS = YES;
				GENERATE_INFOPLIST_FILE = YES;
				INFOPLIST_KEY_UIApplicationSceneManifest_Generation = YES;
				INFOPLIST_KEY_UIApplicationSupportsIndirectInputEvents = YES;
				INFOPLIST_KEY_UILaunchScreen_Generation = YES;
				INFOPLIST_KEY_UISupportedInterfaceOrientations_iPad = "UIInterfaceOrientationPortrait UIInterfaceOrientationPortraitUpsideDown UIInterfaceOrientationLandscapeLeft UIInterfaceOrientationLandscapeRight";
				INFOPLIST_KEY_UISupportedInterfaceOrientations_iPhone = "UIInterfaceOrientationPortrait UIInterfaceOrientationLandscapeLeft UIInterfaceOrientationLandscapeRight";
				LD_RUNPATH_SEARCH_PATHS = (
					"$(inherited)",
					"@executable_path/Frameworks",
				);
				MARKETING_VERSION = 1.0;
				PRODUCT_BUNDLE_IDENTIFIER = "OscarFrank.SwiftUI-Bench";
				PRODUCT_NAME = "$(TARGET_NAME)";
				SWIFT_EMIT_LOC_STRINGS = YES;
				SWIFT_VERSION = 5.0;
				TARGETED_DEVICE_FAMILY = "1,2";
			};
			name = Debug;
		};
		570202202B1A8A8700C24E86 /* Release */ = {
			isa = XCBuildConfiguration;
			buildSettings = {
				ASSETCATALOG_COMPILER_APPICON_NAME = AppIcon;
				ASSETCATALOG_COMPILER_GLOBAL_ACCENT_COLOR_NAME = AccentColor;
				CODE_SIGN_STYLE = Automatic;
				CURRENT_PROJECT_VERSION = 1;
				DEVELOPMENT_ASSET_PATHS = "\"SwiftUI_Bench/Preview Content\"";
				DEVELOPMENT_TEAM = BA78358WH9;
				ENABLE_PREVIEWS = YES;
				GENERATE_INFOPLIST_FILE = YES;
				INFOPLIST_KEY_UIApplicationSceneManifest_Generation = YES;
				INFOPLIST_KEY_UIApplicationSupportsIndirectInputEvents = YES;
				INFOPLIST_KEY_UILaunchScreen_Generation = YES;
				INFOPLIST_KEY_UISupportedInterfaceOrientations_iPad = "UIInterfaceOrientationPortrait UIInterfaceOrientationPortraitUpsideDown UIInterfaceOrientationLandscapeLeft UIInterfaceOrientationLandscapeRight";
				INFOPLIST_KEY_UISupportedInterfaceOrientations_iPhone = "UIInterfaceOrientationPortrait UIInterfaceOrientationLandscapeLeft UIInterfaceOrientationLandscapeRight";
				LD_RUNPATH_SEARCH_PATHS = (
					"$(inherited)",
					"@executable_path/Frameworks",
				);
				MARKETING_VERSION = 1.0;
				PRODUCT_BUNDLE_IDENTIFIER = "OscarFrank.SwiftUI-Bench";
				PRODUCT_NAME = "$(TARGET_NAME)";
				SWIFT_EMIT_LOC_STRINGS = YES;
				SWIFT_VERSION = 5.0;
				TARGETED_DEVICE_FAMILY = "1,2";
			};
			name = Release;
		};
		570202222B1A8A8700C24E86 /* Debug */ = {
			isa = XCBuildConfiguration;
			buildSettings = {
				ALWAYS_EMBED_SWIFT_STANDARD_LIBRARIES = YES;
				BUNDLE_LOADER = "$(TEST_HOST)";
				CODE_SIGN_STYLE = Automatic;
				CURRENT_PROJECT_VERSION = 1;
				DEVELOPMENT_TEAM = BA78358WH9;
				GENERATE_INFOPLIST_FILE = YES;
				IPHONEOS_DEPLOYMENT_TARGET = 17.0;
				MARKETING_VERSION = 1.0;
				PRODUCT_BUNDLE_IDENTIFIER = "OscarFrank.SwiftUI-BenchTests";
				PRODUCT_NAME = "$(TARGET_NAME)";
				SWIFT_EMIT_LOC_STRINGS = NO;
				SWIFT_VERSION = 5.0;
				TARGETED_DEVICE_FAMILY = "1,2";
				TEST_HOST = "$(BUILT_PRODUCTS_DIR)/SwiftUI_Bench.app/$(BUNDLE_EXECUTABLE_FOLDER_PATH)/SwiftUI_Bench";
			};
			name = Debug;
		};
		570202232B1A8A8700C24E86 /* Release */ = {
			isa = XCBuildConfiguration;
			buildSettings = {
				ALWAYS_EMBED_SWIFT_STANDARD_LIBRARIES = YES;
				BUNDLE_LOADER = "$(TEST_HOST)";
				CODE_SIGN_STYLE = Automatic;
				CURRENT_PROJECT_VERSION = 1;
				DEVELOPMENT_TEAM = BA78358WH9;
				GENERATE_INFOPLIST_FILE = YES;
				IPHONEOS_DEPLOYMENT_TARGET = 17.0;
				MARKETING_VERSION = 1.0;
				PRODUCT_BUNDLE_IDENTIFIER = "OscarFrank.SwiftUI-BenchTests";
				PRODUCT_NAME = "$(TARGET_NAME)";
				SWIFT_EMIT_LOC_STRINGS = NO;
				SWIFT_VERSION = 5.0;
				TARGETED_DEVICE_FAMILY = "1,2";
				TEST_HOST = "$(BUILT_PRODUCTS_DIR)/SwiftUI_Bench.app/$(BUNDLE_EXECUTABLE_FOLDER_PATH)/SwiftUI_Bench";
			};
			name = Release;
		};
		570202252B1A8A8700C24E86 /* Debug */ = {
			isa = XCBuildConfiguration;
			buildSettings = {
				ALWAYS_EMBED_SWIFT_STANDARD_LIBRARIES = YES;
				CODE_SIGN_STYLE = Automatic;
				CURRENT_PROJECT_VERSION = 1;
				DEVELOPMENT_TEAM = BA78358WH9;
				GENERATE_INFOPLIST_FILE = YES;
				MARKETING_VERSION = 1.0;
				PRODUCT_BUNDLE_IDENTIFIER = "OscarFrank.SwiftUI-BenchUITests";
				PRODUCT_NAME = "$(TARGET_NAME)";
				SWIFT_EMIT_LOC_STRINGS = NO;
				SWIFT_VERSION = 5.0;
				TARGETED_DEVICE_FAMILY = "1,2";
				TEST_TARGET_NAME = SwiftUI_Bench;
			};
			name = Debug;
		};
		570202262B1A8A8700C24E86 /* Release */ = {
			isa = XCBuildConfiguration;
			buildSettings = {
				ALWAYS_EMBED_SWIFT_STANDARD_LIBRARIES = YES;
				CODE_SIGN_STYLE = Automatic;
				CURRENT_PROJECT_VERSION = 1;
				DEVELOPMENT_TEAM = BA78358WH9;
				GENERATE_INFOPLIST_FILE = YES;
				MARKETING_VERSION = 1.0;
				PRODUCT_BUNDLE_IDENTIFIER = "OscarFrank.SwiftUI-BenchUITests";
				PRODUCT_NAME = "$(TARGET_NAME)";
				SWIFT_EMIT_LOC_STRINGS = NO;
				SWIFT_VERSION = 5.0;
				TARGETED_DEVICE_FAMILY = "1,2";
				TEST_TARGET_NAME = SwiftUI_Bench;
			};
			name = Release;
		};
/* End XCBuildConfiguration section */

/* Begin XCConfigurationList section */
		570201F52B1A8A8600C24E86 /* Build configuration list for PBXProject "SwiftUI_Bench" */ = {
			isa = XCConfigurationList;
			buildConfigurations = (
				5702021C2B1A8A8700C24E86 /* Debug */,
				5702021D2B1A8A8700C24E86 /* Release */,
			);
			defaultConfigurationIsVisible = 0;
			defaultConfigurationName = Release;
		};
		5702021E2B1A8A8700C24E86 /* Build configuration list for PBXNativeTarget "SwiftUI_Bench" */ = {
			isa = XCConfigurationList;
			buildConfigurations = (
				5702021F2B1A8A8700C24E86 /* Debug */,
				570202202B1A8A8700C24E86 /* Release */,
			);
			defaultConfigurationIsVisible = 0;
			defaultConfigurationName = Release;
		};
		570202212B1A8A8700C24E86 /* Build configuration list for PBXNativeTarget "SwiftUI_BenchTests" */ = {
			isa = XCConfigurationList;
			buildConfigurations = (
				570202222B1A8A8700C24E86 /* Debug */,
				570202232B1A8A8700C24E86 /* Release */,
			);
			defaultConfigurationIsVisible = 0;
			defaultConfigurationName = Release;
		};
		570202242B1A8A8700C24E86 /* Build configuration list for PBXNativeTarget "SwiftUI_BenchUITests" */ = {
			isa = XCConfigurationList;
			buildConfigurations = (
				570202252B1A8A8700C24E86 /* Debug */,
				570202262B1A8A8700C24E86 /* Release */,
			);
			defaultConfigurationIsVisible = 0;
			defaultConfigurationName = Release;
		};
/* End XCConfigurationList section */
	};
	rootObject = 570201F22B1A8A8600C24E86 /* Project object */;
}
